
Microsoft Visual Studio Solution File, Format Version 12.00
# Visual Studio Version 16
VisualStudioVersion = 16.0.33927.289
MinimumVisualStudioVersion = 10.0.40219.1
Project("{FAE04EC0-301F-11D3-BF4B-00C04F79EFBC}") = "WindowsFormsApp1", "WindowsFormsApp1\WindowsFormsApp1.csproj", "{708BE715-DE33-4027-A046-723969021630}"
EndProject
Global
	GlobalSection(SolutionConfigurationPlatforms) = preSolution
		Debug|Any CPU = Debug|Any CPU
		Release|Any CPU = Release|Any CPU
	EndGlobalSection
	GlobalSection(ProjectConfigurationPlatforms) = postSolution
		{708BE715-DE33-4027-A046-723969021630}.Debug|Any CPU.ActiveCfg = Debug|Any CPU
		{708BE715-DE33-4027-A046-723969021630}.Debug|Any CPU.Build.0 = Debug|Any CPU
		{708BE715-DE33-4027-A046-723969021630}.Release|Any CPU.ActiveCfg = Release|Any CPU
		{708BE715-DE33-4027-A046-723969021630}.Release|Any CPU.Build.0 = Release|Any CPU
	EndGlobalSection
	GlobalSection(SolutionProperties) = preSolution
		HideSolutionNode = FALSE
	EndGlobalSection
	GlobalSection(ExtensibilityGlobals) = postSolution
		SolutionGuid = {1644130B-C6CA-420A-9CBA-6D603CFF6C94}
	EndGlobalSection
EndGlobal
